
Microsoft Visual Studio Solution File, Format Version 12.00
# Visual Studio 15
VisualStudioVersion = 15.0.28307.271
MinimumVisualStudioVersion = 10.0.40219.1
Project("{FAE04EC0-301F-11D3-BF4B-00C04F79EFBC}") = "GameManager.Host.Winforms", "GameManager.Host.Winforms\GameManager.Host.Winforms.csproj", "{63423512-2026-4982-92B1-41C75D05CBEB}"
EndProject
Project("{FAE04EC0-301F-11D3-BF4B-00C04F79EFBC}") = "GameManager", "GameManager\GameManager.csproj", "{2F1B1EF1-4952-4F43-930B-C51DF5E50DF9}"
EndProject
Project("{FAE04EC0-301F-11D3-BF4B-00C04F79EFBC}") = "GameManager.FileSystem", "GameManager.FileSystem\GameManager.FileSystem.csproj", "{571F434F-FADA-445E-811D-9A1CCC669283}"
EndProject
Project("{FAE04EC0-301F-11D3-BF4B-00C04F79EFBC}") = "GameManager.Sql", "GameManager.Sql\GameManager.Sql.csproj", "{47CCA254-2243-44DD-A988-64C3E404310A}"
EndProject
Project("{00D1A9C2-B5F0-4AF3-8072-F6C62B433612}") = "GameDB", "GameDB\GameDB.sqlproj", "{E0B40936-DDCF-4E6D-98C5-4E3C2A693656}"
EndProject
Project("{FAE04EC0-301F-11D3-BF4B-00C04F79EFBC}") = "GameManager.Mvc", "GameManager.Mvc\GameManager.Mvc.csproj", "{B9B10CA8-B172-4CDF-90FD-474E1D07BE34}"
EndProject
Global
	GlobalSection(SolutionConfigurationPlatforms) = preSolution
		Debug|Any CPU = Debug|Any CPU
		Release|Any CPU = Release|Any CPU
	EndGlobalSection
	GlobalSection(ProjectConfigurationPlatforms) = postSolution
		{63423512-2026-4982-92B1-41C75D05CBEB}.Debug|Any CPU.ActiveCfg = Debug|Any CPU
		{63423512-2026-4982-92B1-41C75D05CBEB}.Debug|Any CPU.Build.0 = Debug|Any CPU
		{63423512-2026-4982-92B1-41C75D05CBEB}.Release|Any CPU.ActiveCfg = Release|Any CPU
		{63423512-2026-4982-92B1-41C75D05CBEB}.Release|Any CPU.Build.0 = Release|Any CPU
		{2F1B1EF1-4952-4F43-930B-C51DF5E50DF9}.Debug|Any CPU.ActiveCfg = Debug|Any CPU
		{2F1B1EF1-4952-4F43-930B-C51DF5E50DF9}.Debug|Any CPU.Build.0 = Debug|Any CPU
		{2F1B1EF1-4952-4F43-930B-C51DF5E50DF9}.Release|Any CPU.ActiveCfg = Release|Any CPU
		{2F1B1EF1-4952-4F43-930B-C51DF5E50DF9}.Release|Any CPU.Build.0 = Release|Any CPU
		{571F434F-FADA-445E-811D-9A1CCC669283}.Debug|Any CPU.ActiveCfg = Debug|Any CPU
		{571F434F-FADA-445E-811D-9A1CCC669283}.Debug|Any CPU.Build.0 = Debug|Any CPU
		{571F434F-FADA-445E-811D-9A1CCC669283}.Release|Any CPU.ActiveCfg = Release|Any CPU
		{571F434F-FADA-445E-811D-9A1CCC669283}.Release|Any CPU.Build.0 = Release|Any CPU
		{47CCA254-2243-44DD-A988-64C3E404310A}.Debug|Any CPU.ActiveCfg = Debug|Any CPU
		{47CCA254-2243-44DD-A988-64C3E404310A}.Debug|Any CPU.Build.0 = Debug|Any CPU
		{47CCA254-2243-44DD-A988-64C3E404310A}.Release|Any CPU.ActiveCfg = Release|Any CPU
		{47CCA254-2243-44DD-A988-64C3E404310A}.Release|Any CPU.Build.0 = Release|Any CPU
		{E0B40936-DDCF-4E6D-98C5-4E3C2A693656}.Debug|Any CPU.ActiveCfg = Debug|Any CPU
		{E0B40936-DDCF-4E6D-98C5-4E3C2A693656}.Debug|Any CPU.Build.0 = Debug|Any CPU
		{E0B40936-DDCF-4E6D-98C5-4E3C2A693656}.Debug|Any CPU.Deploy.0 = Debug|Any CPU
		{E0B40936-DDCF-4E6D-98C5-4E3C2A693656}.Release|Any CPU.ActiveCfg = Release|Any CPU
		{E0B40936-DDCF-4E6D-98C5-4E3C2A693656}.Release|Any CPU.Build.0 = Release|Any CPU
		{E0B40936-DDCF-4E6D-98C5-4E3C2A693656}.Release|Any CPU.Deploy.0 = Release|Any CPU
		{B9B10CA8-B172-4CDF-90FD-474E1D07BE34}.Debug|Any CPU.ActiveCfg = Debug|Any CPU
		{B9B10CA8-B172-4CDF-90FD-474E1D07BE34}.Debug|Any CPU.Build.0 = Debug|Any CPU
		{B9B10CA8-B172-4CDF-90FD-474E1D07BE34}.Release|Any CPU.ActiveCfg = Release|Any CPU
		{B9B10CA8-B172-4CDF-90FD-474E1D07BE34}.Release|Any CPU.Build.0 = Release|Any CPU
	EndGlobalSection
	GlobalSection(SolutionProperties) = preSolution
		HideSolutionNode = FALSE
	EndGlobalSection
	GlobalSection(ExtensibilityGlobals) = postSolution
		SolutionGuid = {F5713512-0C43-450D-9792-D3C0430F3E8F}
	EndGlobalSection
EndGlobal
