
Microsoft Visual Studio Solution File, Format Version 12.00
# Visual Studio 15
VisualStudioVersion = 15.0.28307.489
MinimumVisualStudioVersion = 10.0.40219.1
Project("{FAE04EC0-301F-11D3-BF4B-00C04F79EFBC}") = "CharacterCreator.Winforms", "CharacterCreator.Winforms\CharacterCreator.Winforms.csproj", "{26C9E9D6-3E82-44C0-8450-7F10B4EBFA2A}"
EndProject
Global
	GlobalSection(SolutionConfigurationPlatforms) = preSolution
		Debug|Any CPU = Debug|Any CPU
		Release|Any CPU = Release|Any CPU
	EndGlobalSection
	GlobalSection(ProjectConfigurationPlatforms) = postSolution
		{26C9E9D6-3E82-44C0-8450-7F10B4EBFA2A}.Debug|Any CPU.ActiveCfg = Debug|Any CPU
		{26C9E9D6-3E82-44C0-8450-7F10B4EBFA2A}.Debug|Any CPU.Build.0 = Debug|Any CPU
		{26C9E9D6-3E82-44C0-8450-7F10B4EBFA2A}.Release|Any CPU.ActiveCfg = Release|Any CPU
		{26C9E9D6-3E82-44C0-8450-7F10B4EBFA2A}.Release|Any CPU.Build.0 = Release|Any CPU
	EndGlobalSection
	GlobalSection(SolutionProperties) = preSolution
		HideSolutionNode = FALSE
	EndGlobalSection
	GlobalSection(ExtensibilityGlobals) = postSolution
		SolutionGuid = {C422C409-2A72-43FF-9FA7-717333615078}
	EndGlobalSection
EndGlobal
