
Microsoft Visual Studio Solution File, Format Version 12.00
# Visual Studio 15
VisualStudioVersion = 15.0.28307.489
MinimumVisualStudioVersion = 10.0.40219.1
Project("{FAE04EC0-301F-11D3-BF4B-00C04F79EFBC}") = "ContactManager.UI", "ContactManager.UI\ContactManager.UI.csproj", "{3ABBDB71-15E0-444F-A663-9D9ED4FEA7B2}"
EndProject
Project("{FAE04EC0-301F-11D3-BF4B-00C04F79EFBC}") = "ContactManager", "ContactManager\ContactManager.csproj", "{02185B8D-9A67-498F-8ED9-6EBC133D0912}"
EndProject
Global
	GlobalSection(SolutionConfigurationPlatforms) = preSolution
		Debug|Any CPU = Debug|Any CPU
		Release|Any CPU = Release|Any CPU
	EndGlobalSection
	GlobalSection(ProjectConfigurationPlatforms) = postSolution
		{3ABBDB71-15E0-444F-A663-9D9ED4FEA7B2}.Debug|Any CPU.ActiveCfg = Debug|Any CPU
		{3ABBDB71-15E0-444F-A663-9D9ED4FEA7B2}.Debug|Any CPU.Build.0 = Debug|Any CPU
		{3ABBDB71-15E0-444F-A663-9D9ED4FEA7B2}.Release|Any CPU.ActiveCfg = Release|Any CPU
		{3ABBDB71-15E0-444F-A663-9D9ED4FEA7B2}.Release|Any CPU.Build.0 = Release|Any CPU
		{02185B8D-9A67-498F-8ED9-6EBC133D0912}.Debug|Any CPU.ActiveCfg = Debug|Any CPU
		{02185B8D-9A67-498F-8ED9-6EBC133D0912}.Debug|Any CPU.Build.0 = Debug|Any CPU
		{02185B8D-9A67-498F-8ED9-6EBC133D0912}.Release|Any CPU.ActiveCfg = Release|Any CPU
		{02185B8D-9A67-498F-8ED9-6EBC133D0912}.Release|Any CPU.Build.0 = Release|Any CPU
	EndGlobalSection
	GlobalSection(SolutionProperties) = preSolution
		HideSolutionNode = FALSE
	EndGlobalSection
	GlobalSection(ExtensibilityGlobals) = postSolution
		SolutionGuid = {77A58650-4D43-4D78-83E4-EE275D8733FA}
	EndGlobalSection
EndGlobal
